
Microsoft Visual Studio Solution File, Format Version 12.00
# Visual Studio Version 17
VisualStudioVersion = 17.4.33213.308
MinimumVisualStudioVersion = 10.0.40219.1
Project("{8BC9CEB8-8B4A-11D0-8D11-00A0C91BC942}") = "2月训练（1）", "2月训练（1）.vcxproj", "{458EB1DF-D376-4759-B5E1-223D06777100}"
EndProject
Global
	GlobalSection(SolutionConfigurationPlatforms) = preSolution
		Debug|x64 = Debug|x64
		Debug|x86 = Debug|x86
		Release|x64 = Release|x64
		Release|x86 = Release|x86
	EndGlobalSection
	GlobalSection(ProjectConfigurationPlatforms) = postSolution
		{458EB1DF-D376-4759-B5E1-223D06777100}.Debug|x64.ActiveCfg = Debug|x64
		{458EB1DF-D376-4759-B5E1-223D06777100}.Debug|x64.Build.0 = Debug|x64
		{458EB1DF-D376-4759-B5E1-223D06777100}.Debug|x86.ActiveCfg = Debug|Win32
		{458EB1DF-D376-4759-B5E1-223D06777100}.Debug|x86.Build.0 = Debug|Win32
		{458EB1DF-D376-4759-B5E1-223D06777100}.Release|x64.ActiveCfg = Release|x64
		{458EB1DF-D376-4759-B5E1-223D06777100}.Release|x64.Build.0 = Release|x64
		{458EB1DF-D376-4759-B5E1-223D06777100}.Release|x86.ActiveCfg = Release|Win32
		{458EB1DF-D376-4759-B5E1-223D06777100}.Release|x86.Build.0 = Release|Win32
	EndGlobalSection
	GlobalSection(SolutionProperties) = preSolution
		HideSolutionNode = FALSE
	EndGlobalSection
	GlobalSection(ExtensibilityGlobals) = postSolution
		SolutionGuid = {983FAE83-E211-4820-9F48-EBA228D98C01}
	EndGlobalSection
EndGlobal
