
Microsoft Visual Studio Solution File, Format Version 12.00
# Visual Studio Version 17
VisualStudioVersion = 17.4.33103.184
MinimumVisualStudioVersion = 10.0.40219.1
Project("{8BC9CEB8-8B4A-11D0-8D11-00A0C91BC942}") = "寒假第八次集训", "寒假第八次集训.vcxproj", "{EB950A8F-AA3C-40FD-BD0C-E8C27CAD06A2}"
EndProject
Global
	GlobalSection(SolutionConfigurationPlatforms) = preSolution
		Debug|x64 = Debug|x64
		Debug|x86 = Debug|x86
		Release|x64 = Release|x64
		Release|x86 = Release|x86
	EndGlobalSection
	GlobalSection(ProjectConfigurationPlatforms) = postSolution
		{EB950A8F-AA3C-40FD-BD0C-E8C27CAD06A2}.Debug|x64.ActiveCfg = Debug|x64
		{EB950A8F-AA3C-40FD-BD0C-E8C27CAD06A2}.Debug|x64.Build.0 = Debug|x64
		{EB950A8F-AA3C-40FD-BD0C-E8C27CAD06A2}.Debug|x86.ActiveCfg = Debug|Win32
		{EB950A8F-AA3C-40FD-BD0C-E8C27CAD06A2}.Debug|x86.Build.0 = Debug|Win32
		{EB950A8F-AA3C-40FD-BD0C-E8C27CAD06A2}.Release|x64.ActiveCfg = Release|x64
		{EB950A8F-AA3C-40FD-BD0C-E8C27CAD06A2}.Release|x64.Build.0 = Release|x64
		{EB950A8F-AA3C-40FD-BD0C-E8C27CAD06A2}.Release|x86.ActiveCfg = Release|Win32
		{EB950A8F-AA3C-40FD-BD0C-E8C27CAD06A2}.Release|x86.Build.0 = Release|Win32
	EndGlobalSection
	GlobalSection(SolutionProperties) = preSolution
		HideSolutionNode = FALSE
	EndGlobalSection
	GlobalSection(ExtensibilityGlobals) = postSolution
		SolutionGuid = {E3C473F0-D08F-482C-B37C-679411080A33}
	EndGlobalSection
EndGlobal
